
Microsoft Visual Studio Solution File, Format Version 12.00
# Visual Studio Version 17
VisualStudioVersion = 17.3.32825.248
MinimumVisualStudioVersion = 10.0.40219.1
Project("{FAE04EC0-301F-11D3-BF4B-00C04F79EFBC}") = "Avalonia_Todo", "Avalonia_Todo\Avalonia_Todo.csproj", "{8FD6FE87-525D-4A8D-8F45-B9BA566688C8}"
EndProject
Global
	GlobalSection(SolutionConfigurationPlatforms) = preSolution
		Debug|Any CPU = Debug|Any CPU
		Release|Any CPU = Release|Any CPU
	EndGlobalSection
	GlobalSection(ProjectConfigurationPlatforms) = postSolution
		{8FD6FE87-525D-4A8D-8F45-B9BA566688C8}.Debug|Any CPU.ActiveCfg = Debug|Any CPU
		{8FD6FE87-525D-4A8D-8F45-B9BA566688C8}.Debug|Any CPU.Build.0 = Debug|Any CPU
		{8FD6FE87-525D-4A8D-8F45-B9BA566688C8}.Release|Any CPU.ActiveCfg = Release|Any CPU
		{8FD6FE87-525D-4A8D-8F45-B9BA566688C8}.Release|Any CPU.Build.0 = Release|Any CPU
	EndGlobalSection
	GlobalSection(SolutionProperties) = preSolution
		HideSolutionNode = FALSE
	EndGlobalSection
	GlobalSection(ExtensibilityGlobals) = postSolution
		SolutionGuid = {F2691FC8-318F-4D0C-8283-64C5D8012E10}
	EndGlobalSection
EndGlobal
